// !$*UTF8*$!
{
	archiveVersion = 1;
	classes = {
	};
	objectVersion = 46;
	objects = {

/* Begin PBXBuildFile section */
		AF5FE30B2979C6698DD58A5B /* Pods_GH3316.framework in Frameworks */ = {isa = PBXBuildFile; fileRef = 1ACDFA8C64EC30CB489DAF30 /* Pods_GH3316.framework */; };
		E8F6BD031C93A73B001CC06A /* main.m in Sources */ = {isa = PBXBuildFile; fileRef = E8F6BD021C93A73B001CC06A /* main.m */; };
		E8F6BD061C93A73B001CC06A /* AppDelegate.m in Sources */ = {isa = PBXBuildFile; fileRef = E8F6BD051C93A73B001CC06A /* AppDelegate.m */; };
		E8F6BD091C93A73B001CC06A /* ViewController.m in Sources */ = {isa = PBXBuildFile; fileRef = E8F6BD081C93A73B001CC06A /* ViewController.m */; };
		E8F6BD0C1C93A73B001CC06A /* Main.storyboard in Resources */ = {isa = PBXBuildFile; fileRef = E8F6BD0A1C93A73B001CC06A /* Main.storyboard */; };
		E8F6BD0E1C93A73B001CC06A /* Assets.xcassets in Resources */ = {isa = PBXBuildFile; fileRef = E8F6BD0D1C93A73B001CC06A /* Assets.xcassets */; };
		E8F6BD111C93A73B001CC06A /* LaunchScreen.storyboard in Resources */ = {isa = PBXBuildFile; fileRef = E8F6BD0F1C93A73B001CC06A /* LaunchScreen.storyboard */; };
/* End PBXBuildFile section */

/* Begin PBXFileReference section */
		1ACDFA8C64EC30CB489DAF30 /* Pods_GH3316.framework */ = {isa = PBXFileReference; explicitFileType = wrapper.framework; includeInIndex = 0; path = Pods_GH3316.framework; sourceTree = BUILT_PRODUCTS_DIR; };
		5AD88EE9B0AC15D7FB2A0E2D /* Pods-GH3316.debug.xcconfig */ = {isa = PBXFileReference; includeInIndex = 1; lastKnownFileType = text.xcconfig; name = "Pods-GH3316.debug.xcconfig"; path = "Pods/Target Support Files/Pods-GH3316/Pods-GH3316.debug.xcconfig"; sourceTree = "<group>"; };
		728A5D37772BB952E14C64FA /* Pods-GH3316.release.xcconfig */ = {isa = PBXFileReference; includeInIndex = 1; lastKnownFileType = text.xcconfig; name = "Pods-GH3316.release.xcconfig"; path = "Pods/Target Support Files/Pods-GH3316/Pods-GH3316.release.xcconfig"; sourceTree = "<group>"; };
		E8F6BCFE1C93A73B001CC06A /* GH3316.app */ = {isa = PBXFileReference; explicitFileType = wrapper.application; includeInIndex = 0; path = GH3316.app; sourceTree = BUILT_PRODUCTS_DIR; };
		E8F6BD021C93A73B001CC06A /* main.m */ = {isa = PBXFileReference; lastKnownFileType = sourcecode.c.objc; path = main.m; sourceTree = "<group>"; };
		E8F6BD041C93A73B001CC06A /* AppDelegate.h */ = {isa = PBXFileReference; lastKnownFileType = sourcecode.c.h; path = AppDelegate.h; sourceTree = "<group>"; };
		E8F6BD051C93A73B001CC06A /* AppDelegate.m */ = {isa = PBXFileReference; lastKnownFileType = sourcecode.c.objc; path = AppDelegate.m; sourceTree = "<group>"; };
		E8F6BD071C93A73B001CC06A /* ViewController.h */ = {isa = PBXFileReference; lastKnownFileType = sourcecode.c.h; path = ViewController.h; sourceTree = "<group>"; };
		E8F6BD081C93A73B001CC06A /* ViewController.m */ = {isa = PBXFileReference; lastKnownFileType = sourcecode.c.objc; path = ViewController.m; sourceTree = "<group>"; };
		E8F6BD0B1C93A73B001CC06A /* Base */ = {isa = PBXFileReference; lastKnownFileType = file.storyboard; name = Base; path = Base.lproj/Main.storyboard; sourceTree = "<group>"; };
		E8F6BD0D1C93A73B001CC06A /* Assets.xcassets */ = {isa = PBXFileReference; lastKnownFileType = folder.assetcatalog; path = Assets.xcassets; sourceTree = "<group>"; };
		E8F6BD101C93A73B001CC06A /* Base */ = {isa = PBXFileReference; lastKnownFileType = file.storyboard; name = Base; path = Base.lproj/LaunchScreen.storyboard; sourceTree = "<group>"; };
		E8F6BD121C93A73B001CC06A /* Info.plist */ = {isa = PBXFileReference; lastKnownFileType = text.plist.xml; path = Info.plist; sourceTree = "<group>"; };
/* End PBXFileReference section */

/* Begin PBXFrameworksBuildPhase section */
		E8F6BCFB1C93A73B001CC06A /* Frameworks */ = {
			isa = PBXFrameworksBuildPhase;
			buildActionMask = 2147483647;
			files = (
				AF5FE30B2979C6698DD58A5B /* Pods_GH3316.framework in Frameworks */,
			);
			runOnlyForDeploymentPostprocessing = 0;
		};
/* End PBXFrameworksBuildPhase section */

/* Begin PBXGroup section */
		BD6981408B8F916437018965 /* Pods */ = {
			isa = PBXGroup;
			children = (
				5AD88EE9B0AC15D7FB2A0E2D /* Pods-GH3316.debug.xcconfig */,
				728A5D37772BB952E14C64FA /* Pods-GH3316.release.xcconfig */,
			);
			name = Pods;
			sourceTree = "<group>";
		};
		D1750D45EE73078F976435ED /* Frameworks */ = {
			isa = PBXGroup;
			children = (
				1ACDFA8C64EC30CB489DAF30 /* Pods_GH3316.framework */,
			);
			name = Frameworks;
			sourceTree = "<group>";
		};
		E8F6BCF51C93A73B001CC06A = {
			isa = PBXGroup;
			children = (
				E8F6BD001C93A73B001CC06A /* GH3316 */,
				E8F6BCFF1C93A73B001CC06A /* Products */,
				BD6981408B8F916437018965 /* Pods */,
				D1750D45EE73078F976435ED /* Frameworks */,
			);
			sourceTree = "<group>";
		};
		E8F6BCFF1C93A73B001CC06A /* Products */ = {
			isa = PBXGroup;
			children = (
				E8F6BCFE1C93A73B001CC06A /* GH3316.app */,
			);
			name = Products;
			sourceTree = "<group>";
		};
		E8F6BD001C93A73B001CC06A /* GH3316 */ = {
			isa = PBXGroup;
			children = (
				E8F6BD041C93A73B001CC06A /* AppDelegate.h */,
				E8F6BD051C93A73B001CC06A /* AppDelegate.m */,
				E8F6BD071C93A73B001CC06A /* ViewController.h */,
				E8F6BD081C93A73B001CC06A /* ViewController.m */,
				E8F6BD0A1C93A73B001CC06A /* Main.storyboard */,
				E8F6BD0D1C93A73B001CC06A /* Assets.xcassets */,
				E8F6BD0F1C93A73B001CC06A /* LaunchScreen.storyboard */,
				E8F6BD121C93A73B001CC06A /* Info.plist */,
				E8F6BD011C93A73B001CC06A /* Supporting Files */,
			);
			path = GH3316;
			sourceTree = "<group>";
		};
		E8F6BD011C93A73B001CC06A /* Supporting Files */ = {
			isa = PBXGroup;
			children = (
				E8F6BD021C93A73B001CC06A /* main.m */,
			);
			name = "Supporting Files";
			sourceTree = "<group>";
		};
/* End PBXGroup section */

/* Begin PBXNativeTarget section */
		E8F6BCFD1C93A73B001CC06A /* GH3316 */ = {
			isa = PBXNativeTarget;
			buildConfigurationList = E8F6BD151C93A73B001CC06A /* Build configuration list for PBXNativeTarget "GH3316" */;
			buildPhases = (
				81D6C6136602851B286EB055 /* Check Pods Manifest.lock */,
				E8F6BCFA1C93A73B001CC06A /* Sources */,
				E8F6BCFB1C93A73B001CC06A /* Frameworks */,
				E8F6BCFC1C93A73B001CC06A /* Resources */,
				1BD14B9EF9E4A01DBE9263F6 /* Embed Pods Frameworks */,
				3E1DF6B0D6AB4EB2601957C0 /* Copy Pods Resources */,
			);
			buildRules = (
			);
			dependencies = (
			);
			name = GH3316;
			productName = GH3316;
			productReference = E8F6BCFE1C93A73B001CC06A /* GH3316.app */;
			productType = "com.apple.product-type.application";
		};
/* End PBXNativeTarget section */

/* Begin PBXProject section */
		E8F6BCF61C93A73B001CC06A /* Project object */ = {
			isa = PBXProject;
			attributes = {
				LastUpgradeCheck = 0720;
				ORGANIZATIONNAME = Realm;
				TargetAttributes = {
					E8F6BCFD1C93A73B001CC06A = {
						CreatedOnToolsVersion = 7.2.1;
					};
				};
			};
			buildConfigurationList = E8F6BCF91C93A73B001CC06A /* Build configuration list for PBXProject "GH3316" */;
			compatibilityVersion = "Xcode 3.2";
			developmentRegion = English;
			hasScannedForEncodings = 0;
			knownRegions = (
				en,
				Base,
			);
			mainGroup = E8F6BCF51C93A73B001CC06A;
			productRefGroup = E8F6BCFF1C93A73B001CC06A /* Products */;
			projectDirPath = "";
			projectRoot = "";
			targets = (
				E8F6BCFD1C93A73B001CC06A /* GH3316 */,
			);
		};
/* End PBXProject section */

/* Begin PBXResourcesBuildPhase section */
		E8F6BCFC1C93A73B001CC06A /* Resources */ = {
			isa = PBXResourcesBuildPhase;
			buildActionMask = 2147483647;
			files = (
				E8F6BD111C93A73B001CC06A /* LaunchScreen.storyboard in Resources */,
				E8F6BD0E1C93A73B001CC06A /* Assets.xcassets in Resources */,
				E8F6BD0C1C93A73B001CC06A /* Main.storyboard in Resources */,
			);
			runOnlyForDeploymentPostprocessing = 0;
		};
/* End PBXResourcesBuildPhase section */

/* Begin PBXShellScriptBuildPhase section */
		1BD14B9EF9E4A01DBE9263F6 /* Embed Pods Frameworks */ = {
			isa = PBXShellScriptBuildPhase;
			buildActionMask = 2147483647;
			files = (
			);
			inputPaths = (
			);
			name = "Embed Pods Frameworks";
			outputPaths = (
			);
			runOnlyForDeploymentPostprocessing = 0;
			shellPath = /bin/sh;
			shellScript = "\"${SRCROOT}/Pods/Target Support Files/Pods-GH3316/Pods-GH3316-frameworks.sh\"\n";
			showEnvVarsInLog = 0;
		};
		3E1DF6B0D6AB4EB2601957C0 /* Copy Pods Resources */ = {
			isa = PBXShellScriptBuildPhase;
			buildActionMask = 2147483647;
			files = (
			);
			inputPaths = (
			);
			name = "Copy Pods Resources";
			outputPaths = (
			);
			runOnlyForDeploymentPostprocessing = 0;
			shellPath = /bin/sh;
			shellScript = "\"${SRCROOT}/Pods/Target Support Files/Pods-GH3316/Pods-GH3316-resources.sh\"\n";
			showEnvVarsInLog = 0;
		};
		81D6C6136602851B286EB055 /* Check Pods Manifest.lock */ = {
			isa = PBXShellScriptBuildPhase;
			buildActionMask = 2147483647;
			files = (
			);
			inputPaths = (
			);
			name = "Check Pods Manifest.lock";
			outputPaths = (
			);
			runOnlyForDeploymentPostprocessing = 0;
			shellPath = /bin/sh;
			shellScript = "diff \"${PODS_ROOT}/../Podfile.lock\" \"${PODS_ROOT}/Manifest.lock\" > /dev/null\nif [[ $? != 0 ]] ; then\n    cat << EOM\nerror: The sandbox is not in sync with the Podfile.lock. Run 'pod install' or update your CocoaPods installation.\nEOM\n    exit 1\nfi\n";
			showEnvVarsInLog = 0;
		};
/* End PBXShellScriptBuildPhase section */

/* Begin PBXSourcesBuildPhase section */
		E8F6BCFA1C93A73B001CC06A /* Sources */ = {
			isa = PBXSourcesBuildPhase;
			buildActionMask = 2147483647;
			files = (
				E8F6BD091C93A73B001CC06A /* ViewController.m in Sources */,
				E8F6BD061C93A73B001CC06A /* AppDelegate.m in Sources */,
				E8F6BD031C93A73B001CC06A /* main.m in Sources */,
			);
			runOnlyForDeploymentPostprocessing = 0;
		};
/* End PBXSourcesBuildPhase section */

/* Begin PBXVariantGroup section */
		E8F6BD0A1C93A73B001CC06A /* Main.storyboard */ = {
			isa = PBXVariantGroup;
			children = (
				E8F6BD0B1C93A73B001CC06A /* Base */,
			);
			name = Main.storyboard;
			sourceTree = "<group>";
		};
		E8F6BD0F1C93A73B001CC06A /* LaunchScreen.storyboard */ = {
			isa = PBXVariantGroup;
			children = (
				E8F6BD101C93A73B001CC06A /* Base */,
			);
			name = LaunchScreen.storyboard;
			sourceTree = "<group>";
		};
/* End PBXVariantGroup section */

/* Begin XCBuildConfiguration section */
		E8F6BD131C93A73B001CC06A /* Debug */ = {
			isa = XCBuildConfiguration;
			buildSettings = {
				ALWAYS_SEARCH_USER_PATHS = NO;
				CLANG_CXX_LANGUAGE_STANDARD = "gnu++0x";
				CLANG_CXX_LIBRARY = "libc++";
				CLANG_ENABLE_MODULES = YES;
				CLANG_ENABLE_OBJC_ARC = YES;
				CLANG_WARN_BOOL_CONVERSION = YES;
				CLANG_WARN_CONSTANT_CONVERSION = YES;
				CLANG_WARN_DIRECT_OBJC_ISA_USAGE = YES_ERROR;
				CLANG_WARN_EMPTY_BODY = YES;
				CLANG_WARN_ENUM_CONVERSION = YES;
				CLANG_WARN_INT_CONVERSION = YES;
				CLANG_WARN_OBJC_ROOT_CLASS = YES_ERROR;
				CLANG_WARN_UNREACHABLE_CODE = YES;
				CLANG_WARN__DUPLICATE_METHOD_MATCH = YES;
				"CODE_SIGN_IDENTITY[sdk=iphoneos*]" = "iPhone Developer";
				COPY_PHASE_STRIP = NO;
				DEBUG_INFORMATION_FORMAT = dwarf;
				ENABLE_STRICT_OBJC_MSGSEND = YES;
				ENABLE_TESTABILITY = YES;
				GCC_C_LANGUAGE_STANDARD = gnu99;
				GCC_DYNAMIC_NO_PIC = NO;
				GCC_NO_COMMON_BLOCKS = YES;
				GCC_OPTIMIZATION_LEVEL = 0;
				GCC_PREPROCESSOR_DEFINITIONS = (
					"DEBUG=1",
					"$(inherited)",
				);
				GCC_WARN_64_TO_32_BIT_CONVERSION = YES;
				GCC_WARN_ABOUT_RETURN_TYPE = YES_ERROR;
				GCC_WARN_UNDECLARED_SELECTOR = YES;
				GCC_WARN_UNINITIALIZED_AUTOS = YES_AGGRESSIVE;
				GCC_WARN_UNUSED_FUNCTION = YES;
				GCC_WARN_UNUSED_VARIABLE = YES;
				IPHONEOS_DEPLOYMENT_TARGET = 9.2;
				MTL_ENABLE_DEBUG_INFO = YES;
				ONLY_ACTIVE_ARCH = YES;
				SDKROOT = iphoneos;
			};
			name = Debug;
		};
		E8F6BD141C93A73B001CC06A /* Release */ = {
			isa = XCBuildConfiguration;
			buildSettings = {
				ALWAYS_SEARCH_USER_PATHS = NO;
				CLANG_CXX_LANGUAGE_STANDARD = "gnu++0x";
				CLANG_CXX_LIBRARY = "libc++";
				CLANG_ENABLE_MODULES = YES;
				CLANG_ENABLE_OBJC_ARC = YES;
				CLANG_WARN_BOOL_CONVERSION = YES;
				CLANG_WARN_CONSTANT_CONVERSION = YES;
				CLANG_WARN_DIRECT_OBJC_ISA_USAGE = YES_ERROR;
				CLANG_WARN_EMPTY_BODY = YES;
				CLANG_WARN_ENUM_CONVERSION = YES;
				CLANG_WARN_INT_CONVERSION = YES;
				CLANG_WARN_OBJC_ROOT_CLASS = YES_ERROR;
				CLANG_WARN_UNREACHABLE_CODE = YES;
				CLANG_WARN__DUPLICATE_METHOD_MATCH = YES;
				"CODE_SIGN_IDENTITY[sdk=iphoneos*]" = "iPhone Developer";
				COPY_PHASE_STRIP = NO;
				DEBUG_INFORMATION_FORMAT = "dwarf-with-dsym";
				ENABLE_NS_ASSERTIONS = NO;
				ENABLE_STRICT_OBJC_MSGSEND = YES;
				GCC_C_LANGUAGE_STANDARD = gnu99;
				GCC_NO_COMMON_BLOCKS = YES;
				GCC_WARN_64_TO_32_BIT_CONVERSION = YES;
				GCC_WARN_ABOUT_RETURN_TYPE = YES_ERROR;
				GCC_WARN_UNDECLARED_SELECTOR = YES;
				GCC_WARN_UNINITIALIZED_AUTOS = YES_AGGRESSIVE;
				GCC_WARN_UNUSED_FUNCTION = YES;
				GCC_WARN_UNUSED_VARIABLE = YES;
				IPHONEOS_DEPLOYMENT_TARGET = 9.2;
				MTL_ENABLE_DEBUG_INFO = NO;
				SDKROOT = iphoneos;
				VALIDATE_PRODUCT = YES;
			};
			name = Release;
		};
		E8F6BD161C93A73B001CC06A /* Debug */ = {
			isa = XCBuildConfiguration;
			baseConfigurationReference = 5AD88EE9B0AC15D7FB2A0E2D /* Pods-GH3316.debug.xcconfig */;
			buildSettings = {
				ASSETCATALOG_COMPILER_APPICON_NAME = AppIcon;
				INFOPLIST_FILE = GH3316/Info.plist;
				LD_RUNPATH_SEARCH_PATHS = "$(inherited) @executable_path/Frameworks";
				PRODUCT_BUNDLE_IDENTIFIER = io.realm.GH3316;
				PRODUCT_NAME = "$(TARGET_NAME)";
			};
			name = Debug;
		};
		E8F6BD171C93A73B001CC06A /* Release */ = {
			isa = XCBuildConfiguration;
			baseConfigurationReference = 728A5D37772BB952E14C64FA /* Pods-GH3316.release.xcconfig */;
			buildSettings = {
				ASSETCATALOG_COMPILER_APPICON_NAME = AppIcon;
				INFOPLIST_FILE = GH3316/Info.plist;
				LD_RUNPATH_SEARCH_PATHS = "$(inherited) @executable_path/Frameworks";
				PRODUCT_BUNDLE_IDENTIFIER = io.realm.GH3316;
				PRODUCT_NAME = "$(TARGET_NAME)";
			};
			name = Release;
		};
/* End XCBuildConfiguration section */

/* Begin XCConfigurationList section */
		E8F6BCF91C93A73B001CC06A /* Build configuration list for PBXProject "GH3316" */ = {
			isa = XCConfigurationList;
			buildConfigurations = (
				E8F6BD131C93A73B001CC06A /* Debug */,
				E8F6BD141C93A73B001CC06A /* Release */,
			);
			defaultConfigurationIsVisible = 0;
			defaultConfigurationName = Release;
		};
		E8F6BD151C93A73B001CC06A /* Build configuration list for PBXNativeTarget "GH3316" */ = {
			isa = XCConfigurationList;
			buildConfigurations = (
				E8F6BD161C93A73B001CC06A /* Debug */,
				E8F6BD171C93A73B001CC06A /* Release */,
			);
			defaultConfigurationIsVisible = 0;
			defaultConfigurationName = Release;
		};
/* End XCConfigurationList section */
	};
	rootObject = E8F6BCF61C93A73B001CC06A /* Project object */;
}
